
Microsoft Visual Studio Solution File, Format Version 12.00
# Visual Studio Version 17
VisualStudioVersion = 17.5.002.0
MinimumVisualStudioVersion = 10.0.40219.1
Project("{9A19103F-16F7-4668-BE54-9A1E7A4F7556}") = "template", "Day01\template.csproj", "{E31C3B99-55BA-4E1E-985B-4528C63468CA}"
EndProject
Project("{9A19103F-16F7-4668-BE54-9A1E7A4F7556}") = "template (1)", "Day02\template.csproj", "{DD153950-EE9D-41AA-BE48-576371592BDB}"
EndProject
Global
	GlobalSection(SolutionConfigurationPlatforms) = preSolution
		Debug|Any CPU = Debug|Any CPU
		Release|Any CPU = Release|Any CPU
	EndGlobalSection
	GlobalSection(ProjectConfigurationPlatforms) = postSolution
		{E31C3B99-55BA-4E1E-985B-4528C63468CA}.Debug|Any CPU.ActiveCfg = Debug|Any CPU
		{E31C3B99-55BA-4E1E-985B-4528C63468CA}.Debug|Any CPU.Build.0 = Debug|Any CPU
		{E31C3B99-55BA-4E1E-985B-4528C63468CA}.Release|Any CPU.ActiveCfg = Release|Any CPU
		{E31C3B99-55BA-4E1E-985B-4528C63468CA}.Release|Any CPU.Build.0 = Release|Any CPU
		{DD153950-EE9D-41AA-BE48-576371592BDB}.Debug|Any CPU.ActiveCfg = Debug|Any CPU
		{DD153950-EE9D-41AA-BE48-576371592BDB}.Debug|Any CPU.Build.0 = Debug|Any CPU
		{DD153950-EE9D-41AA-BE48-576371592BDB}.Release|Any CPU.ActiveCfg = Release|Any CPU
		{DD153950-EE9D-41AA-BE48-576371592BDB}.Release|Any CPU.Build.0 = Release|Any CPU
	EndGlobalSection
	GlobalSection(SolutionProperties) = preSolution
		HideSolutionNode = FALSE
	EndGlobalSection
	GlobalSection(ExtensibilityGlobals) = postSolution
		SolutionGuid = {E776ADF6-53C3-4C58-92CF-2CD29BD966A8}
	EndGlobalSection
EndGlobal
